{
  "requires": true,
  "lockfileVersion": 1,
  "dependencies": {
    "spectrum-colorpicker2": {
      "version": "2.0.5",
      "resolved": "https://registry.npmjs.org/spectrum-colorpicker2/-/spectrum-colorpicker2-2.0.5.tgz",
      "integrity": "sha512-XKUdlupvwKn+nM5oEGXhSlJ2Is6bkcCFSjzVIiAZk14iyFSOq1yxwq2lAiqYXsE7S9f7lFyvvBCN0BVs65Or6A=="
    }
  }
}
